FORGE
  remote: https://forgeapi.puppetlabs.com
  specs:
    adrien/filemapper (1.1.2)
    garethr/erlang (0.3.0)
      puppetlabs/apt (>= 0)
      puppetlabs/stdlib (>= 0)
      stahnma/epel (>= 0)
    nanliu/staging (0.4.1)
    puppetlabs/activemq (0.2.0)
      puppetlabs/java (>= 0.1.0)
      puppetlabs/stdlib (>= 0.1.6)
    puppetlabs/apt (1.5.1)
      puppetlabs/stdlib (>= 2.2.1)
    puppetlabs/firewall (1.1.3)
    puppetlabs/java (1.1.1)
      puppetlabs/stdlib (>= 0.1.6)
    puppetlabs/java_ks (1.2.5)
    puppetlabs/rabbitmq (4.0.0)
      nanliu/staging (>= 0.3.1)
      puppetlabs/apt (>= 1.0.0)
      puppetlabs/stdlib (>= 2.0.0)
    puppetlabs/stdlib (4.3.2)
    richardc/datacat (0.4.3)
    stahnma/epel (0.1.0)

GIT
  remote: git@packages.atlasit.com:puppet.cleng.git
  ref: feature/AllowUnauthenticated
  sha: 30e43f40377e22d50eb4169b34d1bb1f3578b820
  specs:
    NTTEAM/cleng (0.0.3)
      puppetlabs/apt (>= 0)

GIT
  remote: git@packages.atlasit.com:puppet.na_mcollective.git
  ref: feature/Ubuntu_14.04
  sha: c7c0f72847413f9b3ecd6e32ebe28907be775093
  specs:
    NTTEAM/na_mcollective (0.2.1)
      NTTEAM/na_stdlib (>= 0)
      puppetlabs/mcollective (>= 0)

GIT
  remote: https://github.com/ntteurope/puppetlabs-mcollective.git
  ref: refactor/hardcoded_configuration
  sha: c4ce8893672ccd35d0949fd56961d9b81c39d035
  specs:
    puppetlabs/mcollective (1.1.3)
      garethr/erlang (>= 0)
      puppetlabs/activemq (~> 0.2.0)
      puppetlabs/java_ks (>= 0)
      puppetlabs/rabbitmq (>= 0)
      puppetlabs/stdlib (>= 1.0.0)
      richardc/datacat (~> 0.4.0)

GIT
  remote: https://github.com/reidmv/puppet-module-yamlfile.git
  ref: master
  sha: 1359288c473c418567367e7bb61eee05c373b163
  specs:
    reidmv/yamlfile (0.2.0)
      adrien/filemapper (>= 1.1.1)

GIT
  remote: ssh://gerrit.devcl.am.ntt.eu:29418/puppet.na_stdlib
  ref: master
  sha: c1d8fece7c658d702df501a5253260dfcb16c395
  specs:
    NTTEAM/na_stdlib (0.1.0)
      puppetlabs/stdlib (>= 0)

DEPENDENCIES
  NTTEAM/cleng (>= 0)
  NTTEAM/na_mcollective (>= 0)
  NTTEAM/na_stdlib (>= 0)
  NTTEAM/na_stdlib (>= 0)
  puppetlabs/firewall (>= 0)
  puppetlabs/mcollective (>= 0)
  reidmv/yamlfile (>= 0)

